// !$*UTF8*$!
{
	archiveVersion = 1;
	classes = {
	};
	objectVersion = 46;
	objects = {

/* Begin PBXBuildFile section */
		AE5B3F3319ECDAAC0065FFE7 /* CrumViewController.m in Sources */ = {isa = PBXBuildFile; fileRef = AE5B3F3219ECDAAC0065FFE7 /* CrumViewController.m */; };
		AE5B3F3619ECDD680065FFE7 /* TableViewController.m in Sources */ = {isa = PBXBuildFile; fileRef = AE5B3F3519ECDD680065FFE7 /* TableViewController.m */; };
		AE5B45FB19FC8A2D0030DCC6 /* Crum.m in Sources */ = {isa = PBXBuildFile; fileRef = AE5B45FA19FC8A2D0030DCC6 /* Crum.m */; };
		AE5B45FE19FC8A900030DCC6 /* CoreDataStack.m in Sources */ = {isa = PBXBuildFile; fileRef = AE5B45FD19FC8A900030DCC6 /* CoreDataStack.m */; };
		AE5B460119FC8C670030DCC6 /* AddCrumViewController.m in Sources */ = {isa = PBXBuildFile; fileRef = AE5B460019FC8C670030DCC6 /* AddCrumViewController.m */; };
		AE5B51A619ECA5A600D3046A /* main.m in Sources */ = {isa = PBXBuildFile; fileRef = AE5B51A519ECA5A600D3046A /* main.m */; };
		AE5B51A919ECA5A600D3046A /* AppDelegate.m in Sources */ = {isa = PBXBuildFile; fileRef = AE5B51A819ECA5A600D3046A /* AppDelegate.m */; };
		AE5B51AC19ECA5A600D3046A /* bitCrumb.xcdatamodeld in Sources */ = {isa = PBXBuildFile; fileRef = AE5B51AA19ECA5A600D3046A /* bitCrumb.xcdatamodeld */; };
		AE5B51B219ECA5A600D3046A /* Main.storyboard in Resources */ = {isa = PBXBuildFile; fileRef = AE5B51B019ECA5A600D3046A /* Main.storyboard */; };
		AE5B51B419ECA5A600D3046A /* Images.xcassets in Resources */ = {isa = PBXBuildFile; fileRef = AE5B51B319ECA5A600D3046A /* Images.xcassets */; };
		AE5B51B719ECA5A600D3046A /* LaunchScreen.xib in Resources */ = {isa = PBXBuildFile; fileRef = AE5B51B519ECA5A600D3046A /* LaunchScreen.xib */; };
		AE5B51C319ECA5A600D3046A /* bitCrumbTests.m in Sources */ = {isa = PBXBuildFile; fileRef = AE5B51C219ECA5A600D3046A /* bitCrumbTests.m */; };
/* End PBXBuildFile section */

/* Begin PBXContainerItemProxy section */
		AE5B51BD19ECA5A600D3046A /* PBXContainerItemProxy */ = {
			isa = PBXContainerItemProxy;
			containerPortal = AE5B519819ECA5A600D3046A /* Project object */;
			proxyType = 1;
			remoteGlobalIDString = AE5B519F19ECA5A600D3046A;
			remoteInfo = bitCrumb;
		};
/* End PBXContainerItemProxy section */

/* Begin PBXFileReference section */
		AE5B3F3119ECDAAC0065FFE7 /* CrumViewController.h */ = {isa = PBXFileReference; fileEncoding = 4; lastKnownFileType = sourcecode.c.h; path = CrumViewController.h; sourceTree = "<group>"; };
		AE5B3F3219ECDAAC0065FFE7 /* CrumViewController.m */ = {isa = PBXFileReference; fileEncoding = 4; lastKnownFileType = sourcecode.c.objc; path = CrumViewController.m; sourceTree = "<group>"; };
		AE5B3F3419ECDD680065FFE7 /* TableViewController.h */ = {isa = PBXFileReference; fileEncoding = 4; lastKnownFileType = sourcecode.c.h; name = TableViewController.h; path = ../TableViewController.h; sourceTree = "<group>"; };
		AE5B3F3519ECDD680065FFE7 /* TableViewController.m */ = {isa = PBXFileReference; fileEncoding = 4; lastKnownFileType = sourcecode.c.objc; name = TableViewController.m; path = ../TableViewController.m; sourceTree = "<group>"; };
		AE5B45F919FC8A2D0030DCC6 /* Crum.h */ = {isa = PBXFileReference; fileEncoding = 4; lastKnownFileType = sourcecode.c.h; path = Crum.h; sourceTree = "<group>"; };
		AE5B45FA19FC8A2D0030DCC6 /* Crum.m */ = {isa = PBXFileReference; fileEncoding = 4; lastKnownFileType = sourcecode.c.objc; path = Crum.m; sourceTree = "<group>"; };
		AE5B45FC19FC8A900030DCC6 /* CoreDataStack.h */ = {isa = PBXFileReference; fileEncoding = 4; lastKnownFileType = sourcecode.c.h; path = CoreDataStack.h; sourceTree = "<group>"; };
		AE5B45FD19FC8A900030DCC6 /* CoreDataStack.m */ = {isa = PBXFileReference; fileEncoding = 4; lastKnownFileType = sourcecode.c.objc; path = CoreDataStack.m; sourceTree = "<group>"; };
		AE5B45FF19FC8C670030DCC6 /* AddCrumViewController.h */ = {isa = PBXFileReference; fileEncoding = 4; lastKnownFileType = sourcecode.c.h; path = AddCrumViewController.h; sourceTree = "<group>"; };
		AE5B460019FC8C670030DCC6 /* AddCrumViewController.m */ = {isa = PBXFileReference; fileEncoding = 4; lastKnownFileType = sourcecode.c.objc; path = AddCrumViewController.m; sourceTree = "<group>"; };
		AE5B51A019ECA5A600D3046A /* bitCrumb.app */ = {isa = PBXFileReference; explicitFileType = wrapper.application; includeInIndex = 0; path = bitCrumb.app; sourceTree = BUILT_PRODUCTS_DIR; };
		AE5B51A419ECA5A600D3046A /* Info.plist */ = {isa = PBXFileReference; lastKnownFileType = text.plist.xml; path = Info.plist; sourceTree = "<group>"; };
		AE5B51A519ECA5A600D3046A /* main.m */ = {isa = PBXFileReference; lastKnownFileType = sourcecode.c.objc; path = main.m; sourceTree = "<group>"; };
		AE5B51A719ECA5A600D3046A /* AppDelegate.h */ = {isa = PBXFileReference; lastKnownFileType = sourcecode.c.h; path = AppDelegate.h; sourceTree = "<group>"; };
		AE5B51A819ECA5A600D3046A /* AppDelegate.m */ = {isa = PBXFileReference; lastKnownFileType = sourcecode.c.objc; path = AppDelegate.m; sourceTree = "<group>"; };
		AE5B51AB19ECA5A600D3046A /* bitCrumb.xcdatamodel */ = {isa = PBXFileReference; lastKnownFileType = wrapper.xcdatamodel; path = bitCrumb.xcdatamodel; sourceTree = "<group>"; };
		AE5B51B119ECA5A600D3046A /* Base */ = {isa = PBXFileReference; lastKnownFileType = file.storyboard; name = Base; path = Base.lproj/Main.storyboard; sourceTree = "<group>"; };
		AE5B51B319ECA5A600D3046A /* Images.xcassets */ = {isa = PBXFileReference; lastKnownFileType = folder.assetcatalog; path = Images.xcassets; sourceTree = "<group>"; };
		AE5B51B619ECA5A600D3046A /* Base */ = {isa = PBXFileReference; lastKnownFileType = file.xib; name = Base; path = Base.lproj/LaunchScreen.xib; sourceTree = "<group>"; };
		AE5B51BC19ECA5A600D3046A /* bitCrumbTests.xctest */ = {isa = PBXFileReference; explicitFileType = wrapper.cfbundle; includeInIndex = 0; path = bitCrumbTests.xctest; sourceTree = BUILT_PRODUCTS_DIR; };
		AE5B51C119ECA5A600D3046A /* Info.plist */ = {isa = PBXFileReference; lastKnownFileType = text.plist.xml; path = Info.plist; sourceTree = "<group>"; };
		AE5B51C219ECA5A600D3046A /* bitCrumbTests.m */ = {isa = PBXFileReference; lastKnownFileType = sourcecode.c.objc; path = bitCrumbTests.m; sourceTree = "<group>"; };
/* End PBXFileReference section */

/* Begin PBXFrameworksBuildPhase section */
		AE5B519D19ECA5A600D3046A /* Frameworks */ = {
			isa = PBXFrameworksBuildPhase;
			buildActionMask = 2147483647;
			files = (
			);
			runOnlyForDeploymentPostprocessing = 0;
		};
		AE5B51B919ECA5A600D3046A /* Frameworks */ = {
			isa = PBXFrameworksBuildPhase;
			buildActionMask = 2147483647;
			files = (
			);
			runOnlyForDeploymentPostprocessing = 0;
		};
/* End PBXFrameworksBuildPhase section */

/* Begin PBXGroup section */
		AE5B519719ECA5A600D3046A = {
			isa = PBXGroup;
			children = (
				AE5B51A219ECA5A600D3046A /* bitCrumb */,
				AE5B51BF19ECA5A600D3046A /* bitCrumbTests */,
				AE5B51A119ECA5A600D3046A /* Products */,
			);
			sourceTree = "<group>";
		};
		AE5B51A119ECA5A600D3046A /* Products */ = {
			isa = PBXGroup;
			children = (
				AE5B51A019ECA5A600D3046A /* bitCrumb.app */,
				AE5B51BC19ECA5A600D3046A /* bitCrumbTests.xctest */,
			);
			name = Products;
			sourceTree = "<group>";
		};
		AE5B51A219ECA5A600D3046A /* bitCrumb */ = {
			isa = PBXGroup;
			children = (
				AE5B45FC19FC8A900030DCC6 /* CoreDataStack.h */,
				AE5B45FD19FC8A900030DCC6 /* CoreDataStack.m */,
				AE5B51A719ECA5A600D3046A /* AppDelegate.h */,
				AE5B51A819ECA5A600D3046A /* AppDelegate.m */,
				AE5B45FF19FC8C670030DCC6 /* AddCrumViewController.h */,
				AE5B460019FC8C670030DCC6 /* AddCrumViewController.m */,
				AE5B3F3419ECDD680065FFE7 /* TableViewController.h */,
				AE5B3F3519ECDD680065FFE7 /* TableViewController.m */,
				AE5B3F3119ECDAAC0065FFE7 /* CrumViewController.h */,
				AE5B3F3219ECDAAC0065FFE7 /* CrumViewController.m */,
				AE5B51B019ECA5A600D3046A /* Main.storyboard */,
				AE5B51B319ECA5A600D3046A /* Images.xcassets */,
				AE5B51B519ECA5A600D3046A /* LaunchScreen.xib */,
				AE5B51AA19ECA5A600D3046A /* bitCrumb.xcdatamodeld */,
				AE5B51A319ECA5A600D3046A /* Supporting Files */,
				AE5B45F919FC8A2D0030DCC6 /* Crum.h */,
				AE5B45FA19FC8A2D0030DCC6 /* Crum.m */,
			);
			path = bitCrumb;
			sourceTree = "<group>";
		};
		AE5B51A319ECA5A600D3046A /* Supporting Files */ = {
			isa = PBXGroup;
			children = (
				AE5B51A419ECA5A600D3046A /* Info.plist */,
				AE5B51A519ECA5A600D3046A /* main.m */,
			);
			name = "Supporting Files";
			sourceTree = "<group>";
		};
		AE5B51BF19ECA5A600D3046A /* bitCrumbTests */ = {
			isa = PBXGroup;
			children = (
				AE5B51C219ECA5A600D3046A /* bitCrumbTests.m */,
				AE5B51C019ECA5A600D3046A /* Supporting Files */,
			);
			path = bitCrumbTests;
			sourceTree = "<group>";
		};
		AE5B51C019ECA5A600D3046A /* Supporting Files */ = {
			isa = PBXGroup;
			children = (
				AE5B51C119ECA5A600D3046A /* Info.plist */,
			);
			name = "Supporting Files";
			sourceTree = "<group>";
		};
/* End PBXGroup section */

/* Begin PBXNativeTarget section */
		AE5B519F19ECA5A600D3046A /* bitCrumb */ = {
			isa = PBXNativeTarget;
			buildConfigurationList = AE5B51C619ECA5A600D3046A /* Build configuration list for PBXNativeTarget "bitCrumb" */;
			buildPhases = (
				AE5B519C19ECA5A600D3046A /* Sources */,
				AE5B519D19ECA5A600D3046A /* Frameworks */,
				AE5B519E19ECA5A600D3046A /* Resources */,
			);
			buildRules = (
			);
			dependencies = (
			);
			name = bitCrumb;
			productName = bitCrumb;
			productReference = AE5B51A019ECA5A600D3046A /* bitCrumb.app */;
			productType = "com.apple.product-type.application";
		};
		AE5B51BB19ECA5A600D3046A /* bitCrumbTests */ = {
			isa = PBXNativeTarget;
			buildConfigurationList = AE5B51C919ECA5A600D3046A /* Build configuration list for PBXNativeTarget "bitCrumbTests" */;
			buildPhases = (
				AE5B51B819ECA5A600D3046A /* Sources */,
				AE5B51B919ECA5A600D3046A /* Frameworks */,
				AE5B51BA19ECA5A600D3046A /* Resources */,
			);
			buildRules = (
			);
			dependencies = (
				AE5B51BE19ECA5A600D3046A /* PBXTargetDependency */,
			);
			name = bitCrumbTests;
			productName = bitCrumbTests;
			productReference = AE5B51BC19ECA5A600D3046A /* bitCrumbTests.xctest */;
			productType = "com.apple.product-type.bundle.unit-test";
		};
/* End PBXNativeTarget section */

/* Begin PBXProject section */
		AE5B519819ECA5A600D3046A /* Project object */ = {
			isa = PBXProject;
			attributes = {
				LastUpgradeCheck = 0600;
				ORGANIZATIONNAME = "Hucked Media";
				TargetAttributes = {
					AE5B519F19ECA5A600D3046A = {
						CreatedOnToolsVersion = 6.0;
					};
					AE5B51BB19ECA5A600D3046A = {
						CreatedOnToolsVersion = 6.0;
						TestTargetID = AE5B519F19ECA5A600D3046A;
					};
				};
			};
			buildConfigurationList = AE5B519B19ECA5A600D3046A /* Build configuration list for PBXProject "bitCrumb" */;
			compatibilityVersion = "Xcode 3.2";
			developmentRegion = English;
			hasScannedForEncodings = 0;
			knownRegions = (
				en,
				Base,
			);
			mainGroup = AE5B519719ECA5A600D3046A;
			productRefGroup = AE5B51A119ECA5A600D3046A /* Products */;
			projectDirPath = "";
			projectRoot = "";
			targets = (
				AE5B519F19ECA5A600D3046A /* bitCrumb */,
				AE5B51BB19ECA5A600D3046A /* bitCrumbTests */,
			);
		};
/* End PBXProject section */

/* Begin PBXResourcesBuildPhase section */
		AE5B519E19ECA5A600D3046A /* Resources */ = {
			isa = PBXResourcesBuildPhase;
			buildActionMask = 2147483647;
			files = (
				AE5B51B219ECA5A600D3046A /* Main.storyboard in Resources */,
				AE5B51B719ECA5A600D3046A /* LaunchScreen.xib in Resources */,
				AE5B51B419ECA5A600D3046A /* Images.xcassets in Resources */,
			);
			runOnlyForDeploymentPostprocessing = 0;
		};
		AE5B51BA19ECA5A600D3046A /* Resources */ = {
			isa = PBXResourcesBuildPhase;
			buildActionMask = 2147483647;
			files = (
			);
			runOnlyForDeploymentPostprocessing = 0;
		};
/* End PBXResourcesBuildPhase section */

/* Begin PBXSourcesBuildPhase section */
		AE5B519C19ECA5A600D3046A /* Sources */ = {
			isa = PBXSourcesBuildPhase;
			buildActionMask = 2147483647;
			files = (
				AE5B45FB19FC8A2D0030DCC6 /* Crum.m in Sources */,
				AE5B460119FC8C670030DCC6 /* AddCrumViewController.m in Sources */,
				AE5B51A919ECA5A600D3046A /* AppDelegate.m in Sources */,
				AE5B45FE19FC8A900030DCC6 /* CoreDataStack.m in Sources */,
				AE5B51A619ECA5A600D3046A /* main.m in Sources */,
				AE5B3F3319ECDAAC0065FFE7 /* CrumViewController.m in Sources */,
				AE5B3F3619ECDD680065FFE7 /* TableViewController.m in Sources */,
				AE5B51AC19ECA5A600D3046A /* bitCrumb.xcdatamodeld in Sources */,
			);
			runOnlyForDeploymentPostprocessing = 0;
		};
		AE5B51B819ECA5A600D3046A /* Sources */ = {
			isa = PBXSourcesBuildPhase;
			buildActionMask = 2147483647;
			files = (
				AE5B51C319ECA5A600D3046A /* bitCrumbTests.m in Sources */,
			);
			runOnlyForDeploymentPostprocessing = 0;
		};
/* End PBXSourcesBuildPhase section */

/* Begin PBXTargetDependency section */
		AE5B51BE19ECA5A600D3046A /* PBXTargetDependency */ = {
			isa = PBXTargetDependency;
			target = AE5B519F19ECA5A600D3046A /* bitCrumb */;
			targetProxy = AE5B51BD19ECA5A600D3046A /* PBXContainerItemProxy */;
		};
/* End PBXTargetDependency section */

/* Begin PBXVariantGroup section */
		AE5B51B019ECA5A600D3046A /* Main.storyboard */ = {
			isa = PBXVariantGroup;
			children = (
				AE5B51B119ECA5A600D3046A /* Base */,
			);
			name = Main.storyboard;
			sourceTree = "<group>";
		};
		AE5B51B519ECA5A600D3046A /* LaunchScreen.xib */ = {
			isa = PBXVariantGroup;
			children = (
				AE5B51B619ECA5A600D3046A /* Base */,
			);
			name = LaunchScreen.xib;
			sourceTree = "<group>";
		};
/* End PBXVariantGroup section */

/* Begin XCBuildConfiguration section */
		AE5B51C419ECA5A600D3046A /* Debug */ = {
			isa = XCBuildConfiguration;
			buildSettings = {
				ALWAYS_SEARCH_USER_PATHS = NO;
				CLANG_CXX_LANGUAGE_STANDARD = "gnu++0x";
				CLANG_CXX_LIBRARY = "libc++";
				CLANG_ENABLE_MODULES = YES;
				CLANG_ENABLE_OBJC_ARC = YES;
				CLANG_WARN_BOOL_CONVERSION = YES;
				CLANG_WARN_CONSTANT_CONVERSION = YES;
				CLANG_WARN_DIRECT_OBJC_ISA_USAGE = YES_ERROR;
				CLANG_WARN_EMPTY_BODY = YES;
				CLANG_WARN_ENUM_CONVERSION = YES;
				CLANG_WARN_INT_CONVERSION = YES;
				CLANG_WARN_OBJC_ROOT_CLASS = YES_ERROR;
				CLANG_WARN_UNREACHABLE_CODE = YES;
				CLANG_WARN__DUPLICATE_METHOD_MATCH = YES;
				"CODE_SIGN_IDENTITY[sdk=*]" = "iPhone Developer";
				COPY_PHASE_STRIP = NO;
				ENABLE_STRICT_OBJC_MSGSEND = YES;
				GCC_C_LANGUAGE_STANDARD = gnu99;
				GCC_DYNAMIC_NO_PIC = NO;
				GCC_OPTIMIZATION_LEVEL = 0;
				GCC_PREPROCESSOR_DEFINITIONS = (
					"DEBUG=1",
					"$(inherited)",
				);
				GCC_SYMBOLS_PRIVATE_EXTERN = NO;
				GCC_WARN_64_TO_32_BIT_CONVERSION = YES;
				GCC_WARN_ABOUT_RETURN_TYPE = YES_ERROR;
				GCC_WARN_UNDECLARED_SELECTOR = YES;
				GCC_WARN_UNINITIALIZED_AUTOS = YES_AGGRESSIVE;
				GCC_WARN_UNUSED_FUNCTION = YES;
				GCC_WARN_UNUSED_VARIABLE = YES;
				IPHONEOS_DEPLOYMENT_TARGET = 8.0;
				MTL_ENABLE_DEBUG_INFO = YES;
				ONLY_ACTIVE_ARCH = YES;
				SDKROOT = iphoneos;
			};
			name = Debug;
		};
		AE5B51C519ECA5A600D3046A /* Release */ = {
			isa = XCBuildConfiguration;
			buildSettings = {
				ALWAYS_SEARCH_USER_PATHS = NO;
				CLANG_CXX_LANGUAGE_STANDARD = "gnu++0x";
				CLANG_CXX_LIBRARY = "libc++";
				CLANG_ENABLE_MODULES = YES;
				CLANG_ENABLE_OBJC_ARC = YES;
				CLANG_WARN_BOOL_CONVERSION = YES;
				CLANG_WARN_CONSTANT_CONVERSION = YES;
				CLANG_WARN_DIRECT_OBJC_ISA_USAGE = YES_ERROR;
				CLANG_WARN_EMPTY_BODY = YES;
				CLANG_WARN_ENUM_CONVERSION = YES;
				CLANG_WARN_INT_CONVERSION = YES;
				CLANG_WARN_OBJC_ROOT_CLASS = YES_ERROR;
				CLANG_WARN_UNREACHABLE_CODE = YES;
				CLANG_WARN__DUPLICATE_METHOD_MATCH = YES;
				"CODE_SIGN_IDENTITY[sdk=*]" = "iPhone Developer";
				COPY_PHASE_STRIP = YES;
				ENABLE_NS_ASSERTIONS = NO;
				ENABLE_STRICT_OBJC_MSGSEND = YES;
				GCC_C_LANGUAGE_STANDARD = gnu99;
				GCC_WARN_64_TO_32_BIT_CONVERSION = YES;
				GCC_WARN_ABOUT_RETURN_TYPE = YES_ERROR;
				GCC_WARN_UNDECLARED_SELECTOR = YES;
				GCC_WARN_UNINITIALIZED_AUTOS = YES_AGGRESSIVE;
				GCC_WARN_UNUSED_FUNCTION = YES;
				GCC_WARN_UNUSED_VARIABLE = YES;
				IPHONEOS_DEPLOYMENT_TARGET = 8.0;
				MTL_ENABLE_DEBUG_INFO = NO;
				SDKROOT = iphoneos;
				VALIDATE_PRODUCT = YES;
			};
			name = Release;
		};
		AE5B51C719ECA5A600D3046A /* Debug */ = {
			isa = XCBuildConfiguration;
			buildSettings = {
				ASSETCATALOG_COMPILER_APPICON_NAME = AppIcon;
				INFOPLIST_FILE = bitCrumb/Info.plist;
				LD_RUNPATH_SEARCH_PATHS = "$(inherited) @executable_path/Frameworks";
				PRODUCT_NAME = "$(TARGET_NAME)";
			};
			name = Debug;
		};
		AE5B51C819ECA5A600D3046A /* Release */ = {
			isa = XCBuildConfiguration;
			buildSettings = {
				ASSETCATALOG_COMPILER_APPICON_NAME = AppIcon;
				INFOPLIST_FILE = bitCrumb/Info.plist;
				LD_RUNPATH_SEARCH_PATHS = "$(inherited) @executable_path/Frameworks";
				PRODUCT_NAME = "$(TARGET_NAME)";
			};
			name = Release;
		};
		AE5B51CA19ECA5A600D3046A /* Debug */ = {
			isa = XCBuildConfiguration;
			buildSettings = {
				BUNDLE_LOADER = "$(TEST_HOST)";
				FRAMEWORK_SEARCH_PATHS = (
					"$(SDKROOT)/Developer/Library/Frameworks",
					"$(inherited)",
				);
				GCC_PREPROCESSOR_DEFINITIONS = (
					"DEBUG=1",
					"$(inherited)",
				);
				INFOPLIST_FILE = bitCrumbTests/Info.plist;
				LD_RUNPATH_SEARCH_PATHS = "$(inherited) @executable_path/Frameworks @loader_path/Frameworks";
				PRODUCT_NAME = "$(TARGET_NAME)";
				TEST_HOST = "$(BUILT_PRODUCTS_DIR)/bitCrumb.app/bitCrumb";
			};
			name = Debug;
		};
		AE5B51CB19ECA5A600D3046A /* Release */ = {
			isa = XCBuildConfiguration;
			buildSettings = {
				BUNDLE_LOADER = "$(TEST_HOST)";
				FRAMEWORK_SEARCH_PATHS = (
					"$(SDKROOT)/Developer/Library/Frameworks",
					"$(inherited)",
				);
				INFOPLIST_FILE = bitCrumbTests/Info.plist;
				LD_RUNPATH_SEARCH_PATHS = "$(inherited) @executable_path/Frameworks @loader_path/Frameworks";
				PRODUCT_NAME = "$(TARGET_NAME)";
				TEST_HOST = "$(BUILT_PRODUCTS_DIR)/bitCrumb.app/bitCrumb";
			};
			name = Release;
		};
/* End XCBuildConfiguration section */

/* Begin XCConfigurationList section */
		AE5B519B19ECA5A600D3046A /* Build configuration list for PBXProject "bitCrumb" */ = {
			isa = XCConfigurationList;
			buildConfigurations = (
				AE5B51C419ECA5A600D3046A /* Debug */,
				AE5B51C519ECA5A600D3046A /* Release */,
			);
			defaultConfigurationIsVisible = 0;
			defaultConfigurationName = Release;
		};
		AE5B51C619ECA5A600D3046A /* Build configuration list for PBXNativeTarget "bitCrumb" */ = {
			isa = XCConfigurationList;
			buildConfigurations = (
				AE5B51C719ECA5A600D3046A /* Debug */,
				AE5B51C819ECA5A600D3046A /* Release */,
			);
			defaultConfigurationIsVisible = 0;
			defaultConfigurationName = Release;
		};
		AE5B51C919ECA5A600D3046A /* Build configuration list for PBXNativeTarget "bitCrumbTests" */ = {
			isa = XCConfigurationList;
			buildConfigurations = (
				AE5B51CA19ECA5A600D3046A /* Debug */,
				AE5B51CB19ECA5A600D3046A /* Release */,
			);
			defaultConfigurationIsVisible = 0;
			defaultConfigurationName = Release;
		};
/* End XCConfigurationList section */

/* Begin XCVersionGroup section */
		AE5B51AA19ECA5A600D3046A /* bitCrumb.xcdatamodeld */ = {
			isa = XCVersionGroup;
			children = (
				AE5B51AB19ECA5A600D3046A /* bitCrumb.xcdatamodel */,
			);
			currentVersion = AE5B51AB19ECA5A600D3046A /* bitCrumb.xcdatamodel */;
			path = bitCrumb.xcdatamodeld;
			sourceTree = "<group>";
			versionGroupType = wrapper.xcdatamodel;
		};
/* End XCVersionGroup section */
	};
	rootObject = AE5B519819ECA5A600D3046A /* Project object */;
}
